
Microsoft Visual Studio Solution File, Format Version 12.00
# Visual Studio Version 17
VisualStudioVersion = 17.3.32825.248
MinimumVisualStudioVersion = 10.0.40219.1
Project("{9A19103F-16F7-4668-BE54-9A1E7A4F7556}") = "Fibonacci", "Fibonacci\Fibonacci.csproj", "{8FEDD15D-03EF-4E76-87C9-57A116A2599C}"
EndProject
Project("{9A19103F-16F7-4668-BE54-9A1E7A4F7556}") = "Fibonacci.ConsoleApp", "Fibonacci.ConsoleApp\Fibonacci.ConsoleApp.csproj", "{9628ABD4-65FB-495E-BA25-30DD965DE7BC}"
EndProject
Global
	GlobalSection(SolutionConfigurationPlatforms) = preSolution
		Debug|Any CPU = Debug|Any CPU
		Release|Any CPU = Release|Any CPU
	EndGlobalSection
	GlobalSection(ProjectConfigurationPlatforms) = postSolution
		{8FEDD15D-03EF-4E76-87C9-57A116A2599C}.Debug|Any CPU.ActiveCfg = Debug|Any CPU
		{8FEDD15D-03EF-4E76-87C9-57A116A2599C}.Debug|Any CPU.Build.0 = Debug|Any CPU
		{8FEDD15D-03EF-4E76-87C9-57A116A2599C}.Release|Any CPU.ActiveCfg = Release|Any CPU
		{8FEDD15D-03EF-4E76-87C9-57A116A2599C}.Release|Any CPU.Build.0 = Release|Any CPU
		{9628ABD4-65FB-495E-BA25-30DD965DE7BC}.Debug|Any CPU.ActiveCfg = Debug|Any CPU
		{9628ABD4-65FB-495E-BA25-30DD965DE7BC}.Debug|Any CPU.Build.0 = Debug|Any CPU
		{9628ABD4-65FB-495E-BA25-30DD965DE7BC}.Release|Any CPU.ActiveCfg = Release|Any CPU
		{9628ABD4-65FB-495E-BA25-30DD965DE7BC}.Release|Any CPU.Build.0 = Release|Any CPU
	EndGlobalSection
	GlobalSection(SolutionProperties) = preSolution
		HideSolutionNode = FALSE
	EndGlobalSection
	GlobalSection(ExtensibilityGlobals) = postSolution
		SolutionGuid = {9607F5EE-0600-4DED-B5D3-C1C54CE12D97}
	EndGlobalSection
EndGlobal
